
Microsoft Visual Studio Solution File, Format Version 12.00
# Visual Studio Version 16
VisualStudioVersion = 16.0.30011.22
MinimumVisualStudioVersion = 10.0.40219.1
Project("{FAE04EC0-301F-11D3-BF4B-00C04F79EFBC}") = "WebApplication15", "WebApplication15\WebApplication15.csproj", "{9692AD98-34E9-4F70-AD81-DA9760EB0A91}"
EndProject
Global
	GlobalSection(SolutionConfigurationPlatforms) = preSolution
		Debug|Any CPU = Debug|Any CPU
		Release|Any CPU = Release|Any CPU
	EndGlobalSection
	GlobalSection(ProjectConfigurationPlatforms) = postSolution
		{9692AD98-34E9-4F70-AD81-DA9760EB0A91}.Debug|Any CPU.ActiveCfg = Debug|Any CPU
		{9692AD98-34E9-4F70-AD81-DA9760EB0A91}.Debug|Any CPU.Build.0 = Debug|Any CPU
		{9692AD98-34E9-4F70-AD81-DA9760EB0A91}.Release|Any CPU.ActiveCfg = Release|Any CPU
		{9692AD98-34E9-4F70-AD81-DA9760EB0A91}.Release|Any CPU.Build.0 = Release|Any CPU
	EndGlobalSection
	GlobalSection(SolutionProperties) = preSolution
		HideSolutionNode = FALSE
	EndGlobalSection
	GlobalSection(ExtensibilityGlobals) = postSolution
		SolutionGuid = {E4E715E7-1CF2-4102-83EF-D0EE45FE53E3}
	EndGlobalSection
EndGlobal
